
Microsoft Visual Studio Solution File, Format Version 12.00
# Visual Studio Version 16
VisualStudioVersion = 16.0.31129.286
MinimumVisualStudioVersion = 10.0.40219.1
Project("{FAE04EC0-301F-11D3-BF4B-00C04F79EFBC}") = "AsimRAHALUygulamasi.Android", "AsimRAHALUygulamasi\AsimRAHALUygulamasi.Android\AsimRAHALUygulamasi.Android.csproj", "{2E6CCEB4-1182-4473-9C98-75BCDF003064}"
EndProject
Project("{FAE04EC0-301F-11D3-BF4B-00C04F79EFBC}") = "AsimRAHALUygulamasi.iOS", "AsimRAHALUygulamasi\AsimRAHALUygulamasi.iOS\AsimRAHALUygulamasi.iOS.csproj", "{D65A2D95-C6A6-407C-9695-6CAC9BFFBA41}"
EndProject
Project("{FAE04EC0-301F-11D3-BF4B-00C04F79EFBC}") = "AsimRAHALUygulamasi", "AsimRAHALUygulamasi\AsimRAHALUygulamasi\AsimRAHALUygulamasi.csproj", "{D0364F51-DFD5-4FAB-874C-45A423E20CB9}"
EndProject
Global
	GlobalSection(SolutionConfigurationPlatforms) = preSolution
		Debug|Any CPU = Debug|Any CPU
		Debug|iPhone = Debug|iPhone
		Debug|iPhoneSimulator = Debug|iPhoneSimulator
		Release|Any CPU = Release|Any CPU
		Release|iPhone = Release|iPhone
		Release|iPhoneSimulator = Release|iPhoneSimulator
	EndGlobalSection
	GlobalSection(ProjectConfigurationPlatforms) = postSolution
		{2E6CCEB4-1182-4473-9C98-75BCDF003064}.Debug|Any CPU.ActiveCfg = Debug|Any CPU
		{2E6CCEB4-1182-4473-9C98-75BCDF003064}.Debug|Any CPU.Build.0 = Debug|Any CPU
		{2E6CCEB4-1182-4473-9C98-75BCDF003064}.Debug|Any CPU.Deploy.0 = Debug|Any CPU
		{2E6CCEB4-1182-4473-9C98-75BCDF003064}.Debug|iPhone.ActiveCfg = Debug|Any CPU
		{2E6CCEB4-1182-4473-9C98-75BCDF003064}.Debug|iPhone.Build.0 = Debug|Any CPU
		{2E6CCEB4-1182-4473-9C98-75BCDF003064}.Debug|iPhone.Deploy.0 = Debug|Any CPU
		{2E6CCEB4-1182-4473-9C98-75BCDF003064}.Debug|iPhoneSimulator.ActiveCfg = Debug|Any CPU
		{2E6CCEB4-1182-4473-9C98-75BCDF003064}.Debug|iPhoneSimulator.Build.0 = Debug|Any CPU
		{2E6CCEB4-1182-4473-9C98-75BCDF003064}.Debug|iPhoneSimulator.Deploy.0 = Debug|Any CPU
		{2E6CCEB4-1182-4473-9C98-75BCDF003064}.Release|Any CPU.ActiveCfg = Release|Any CPU
		{2E6CCEB4-1182-4473-9C98-75BCDF003064}.Release|Any CPU.Build.0 = Release|Any CPU
		{2E6CCEB4-1182-4473-9C98-75BCDF003064}.Release|Any CPU.Deploy.0 = Release|Any CPU
		{2E6CCEB4-1182-4473-9C98-75BCDF003064}.Release|iPhone.ActiveCfg = Release|Any CPU
		{2E6CCEB4-1182-4473-9C98-75BCDF003064}.Release|iPhone.Build.0 = Release|Any CPU
		{2E6CCEB4-1182-4473-9C98-75BCDF003064}.Release|iPhone.Deploy.0 = Release|Any CPU
		{2E6CCEB4-1182-4473-9C98-75BCDF003064}.Release|iPhoneSimulator.ActiveCfg = Release|Any CPU
		{2E6CCEB4-1182-4473-9C98-75BCDF003064}.Release|iPhoneSimulator.Build.0 = Release|Any CPU
		{2E6CCEB4-1182-4473-9C98-75BCDF003064}.Release|iPhoneSimulator.Deploy.0 = Release|Any CPU
		{D65A2D95-C6A6-407C-9695-6CAC9BFFBA41}.Debug|Any CPU.ActiveCfg = Debug|iPhone
		{D65A2D95-C6A6-407C-9695-6CAC9BFFBA41}.Debug|Any CPU.Build.0 = Debug|iPhone
		{D65A2D95-C6A6-407C-9695-6CAC9BFFBA41}.Debug|Any CPU.Deploy.0 = Debug|iPhone
		{D65A2D95-C6A6-407C-9695-6CAC9BFFBA41}.Debug|iPhone.ActiveCfg = Debug|iPhone
		{D65A2D95-C6A6-407C-9695-6CAC9BFFBA41}.Debug|iPhone.Build.0 = Debug|iPhone
		{D65A2D95-C6A6-407C-9695-6CAC9BFFBA41}.Debug|iPhone.Deploy.0 = Debug|iPhone
		{D65A2D95-C6A6-407C-9695-6CAC9BFFBA41}.Debug|iPhoneSimulator.ActiveCfg = Debug|iPhoneSimulator
		{D65A2D95-C6A6-407C-9695-6CAC9BFFBA41}.Debug|iPhoneSimulator.Build.0 = Debug|iPhoneSimulator
		{D65A2D95-C6A6-407C-9695-6CAC9BFFBA41}.Debug|iPhoneSimulator.Deploy.0 = Debug|iPhoneSimulator
		{D65A2D95-C6A6-407C-9695-6CAC9BFFBA41}.Release|Any CPU.ActiveCfg = Release|iPhoneSimulator
		{D65A2D95-C6A6-407C-9695-6CAC9BFFBA41}.Release|Any CPU.Build.0 = Release|iPhoneSimulator
		{D65A2D95-C6A6-407C-9695-6CAC9BFFBA41}.Release|Any CPU.Deploy.0 = Release|iPhoneSimulator
		{D65A2D95-C6A6-407C-9695-6CAC9BFFBA41}.Release|iPhone.ActiveCfg = Release|iPhone
		{D65A2D95-C6A6-407C-9695-6CAC9BFFBA41}.Release|iPhone.Build.0 = Release|iPhone
		{D65A2D95-C6A6-407C-9695-6CAC9BFFBA41}.Release|iPhone.Deploy.0 = Release|iPhone
		{D65A2D95-C6A6-407C-9695-6CAC9BFFBA41}.Release|iPhoneSimulator.ActiveCfg = Release|iPhoneSimulator
		{D65A2D95-C6A6-407C-9695-6CAC9BFFBA41}.Release|iPhoneSimulator.Build.0 = Release|iPhoneSimulator
		{D65A2D95-C6A6-407C-9695-6CAC9BFFBA41}.Release|iPhoneSimulator.Deploy.0 = Release|iPhoneSimulator
		{D0364F51-DFD5-4FAB-874C-45A423E20CB9}.Debug|Any CPU.ActiveCfg = Debug|Any CPU
		{D0364F51-DFD5-4FAB-874C-45A423E20CB9}.Debug|Any CPU.Build.0 = Debug|Any CPU
		{D0364F51-DFD5-4FAB-874C-45A423E20CB9}.Debug|Any CPU.Deploy.0 = Debug|Any CPU
		{D0364F51-DFD5-4FAB-874C-45A423E20CB9}.Debug|iPhone.ActiveCfg = Debug|Any CPU
		{D0364F51-DFD5-4FAB-874C-45A423E20CB9}.Debug|iPhone.Build.0 = Debug|Any CPU
		{D0364F51-DFD5-4FAB-874C-45A423E20CB9}.Debug|iPhone.Deploy.0 = Debug|Any CPU
		{D0364F51-DFD5-4FAB-874C-45A423E20CB9}.Debug|iPhoneSimulator.ActiveCfg = Debug|Any CPU
		{D0364F51-DFD5-4FAB-874C-45A423E20CB9}.Debug|iPhoneSimulator.Build.0 = Debug|Any CPU
		{D0364F51-DFD5-4FAB-874C-45A423E20CB9}.Debug|iPhoneSimulator.Deploy.0 = Debug|Any CPU
		{D0364F51-DFD5-4FAB-874C-45A423E20CB9}.Release|Any CPU.ActiveCfg = Release|Any CPU
		{D0364F51-DFD5-4FAB-874C-45A423E20CB9}.Release|Any CPU.Build.0 = Release|Any CPU
		{D0364F51-DFD5-4FAB-874C-45A423E20CB9}.Release|Any CPU.Deploy.0 = Release|Any CPU
		{D0364F51-DFD5-4FAB-874C-45A423E20CB9}.Release|iPhone.ActiveCfg = Release|Any CPU
		{D0364F51-DFD5-4FAB-874C-45A423E20CB9}.Release|iPhone.Build.0 = Release|Any CPU
		{D0364F51-DFD5-4FAB-874C-45A423E20CB9}.Release|iPhone.Deploy.0 = Release|Any CPU
		{D0364F51-DFD5-4FAB-874C-45A423E20CB9}.Release|iPhoneSimulator.ActiveCfg = Release|Any CPU
		{D0364F51-DFD5-4FAB-874C-45A423E20CB9}.Release|iPhoneSimulator.Build.0 = Release|Any CPU
		{D0364F51-DFD5-4FAB-874C-45A423E20CB9}.Release|iPhoneSimulator.Deploy.0 = Release|Any CPU
	EndGlobalSection
	GlobalSection(SolutionProperties) = preSolution
		HideSolutionNode = FALSE
	EndGlobalSection
	GlobalSection(ExtensibilityGlobals) = postSolution
		SolutionGuid = {3A2F5B17-B25E-4FCE-B837-77CF4E79206D}
	EndGlobalSection
EndGlobal
